
Microsoft Visual Studio Solution File, Format Version 12.00
# Visual Studio 15
VisualStudioVersion = 15.0.27130.2036
MinimumVisualStudioVersion = 10.0.40219.1
Project("{FAE04EC0-301F-11D3-BF4B-00C04F79EFBC}") = "BetGreyhound", "BetGreyhound\BetGreyhound.csproj", "{E680DF69-7613-4508-813C-9DFF0B2A2AEF}"
EndProject
Global
	GlobalSection(SolutionConfigurationPlatforms) = preSolution
		Debug|Any CPU = Debug|Any CPU
		Release|Any CPU = Release|Any CPU
	EndGlobalSection
	GlobalSection(ProjectConfigurationPlatforms) = postSolution
		{E680DF69-7613-4508-813C-9DFF0B2A2AEF}.Debug|Any CPU.ActiveCfg = Debug|Any CPU
		{E680DF69-7613-4508-813C-9DFF0B2A2AEF}.Debug|Any CPU.Build.0 = Debug|Any CPU
		{E680DF69-7613-4508-813C-9DFF0B2A2AEF}.Release|Any CPU.ActiveCfg = Release|Any CPU
		{E680DF69-7613-4508-813C-9DFF0B2A2AEF}.Release|Any CPU.Build.0 = Release|Any CPU
	EndGlobalSection
	GlobalSection(SolutionProperties) = preSolution
		HideSolutionNode = FALSE
	EndGlobalSection
	GlobalSection(ExtensibilityGlobals) = postSolution
		SolutionGuid = {DD4F904C-185D-47D1-AB83-0030B4CAB643}
	EndGlobalSection
EndGlobal
