
Microsoft Visual Studio Solution File, Format Version 12.00
# Visual Studio 15
VisualStudioVersion = 15.0.27130.2027
MinimumVisualStudioVersion = 10.0.40219.1
Project("{FAE04EC0-301F-11D3-BF4B-00C04F79EFBC}") = "Ratuj ludzi", "Ratuj ludzi\Ratuj ludzi.csproj", "{06F545BF-88DC-4DE5-8448-76B3A7A33820}"
EndProject
Global
	GlobalSection(SolutionConfigurationPlatforms) = preSolution
		Debug|Any CPU = Debug|Any CPU
		Debug|ARM = Debug|ARM
		Debug|x64 = Debug|x64
		Debug|x86 = Debug|x86
		Release|Any CPU = Release|Any CPU
		Release|ARM = Release|ARM
		Release|x64 = Release|x64
		Release|x86 = Release|x86
	EndGlobalSection
	GlobalSection(ProjectConfigurationPlatforms) = postSolution
		{06F545BF-88DC-4DE5-8448-76B3A7A33820}.Debug|Any CPU.ActiveCfg = Debug|Any CPU
		{06F545BF-88DC-4DE5-8448-76B3A7A33820}.Debug|Any CPU.Build.0 = Debug|Any CPU
		{06F545BF-88DC-4DE5-8448-76B3A7A33820}.Debug|ARM.ActiveCfg = Debug|Any CPU
		{06F545BF-88DC-4DE5-8448-76B3A7A33820}.Debug|ARM.Build.0 = Debug|Any CPU
		{06F545BF-88DC-4DE5-8448-76B3A7A33820}.Debug|x64.ActiveCfg = Debug|Any CPU
		{06F545BF-88DC-4DE5-8448-76B3A7A33820}.Debug|x64.Build.0 = Debug|Any CPU
		{06F545BF-88DC-4DE5-8448-76B3A7A33820}.Debug|x86.ActiveCfg = Debug|Any CPU
		{06F545BF-88DC-4DE5-8448-76B3A7A33820}.Debug|x86.Build.0 = Debug|Any CPU
		{06F545BF-88DC-4DE5-8448-76B3A7A33820}.Release|Any CPU.ActiveCfg = Release|Any CPU
		{06F545BF-88DC-4DE5-8448-76B3A7A33820}.Release|Any CPU.Build.0 = Release|Any CPU
		{06F545BF-88DC-4DE5-8448-76B3A7A33820}.Release|ARM.ActiveCfg = Release|Any CPU
		{06F545BF-88DC-4DE5-8448-76B3A7A33820}.Release|ARM.Build.0 = Release|Any CPU
		{06F545BF-88DC-4DE5-8448-76B3A7A33820}.Release|x64.ActiveCfg = Release|Any CPU
		{06F545BF-88DC-4DE5-8448-76B3A7A33820}.Release|x64.Build.0 = Release|Any CPU
		{06F545BF-88DC-4DE5-8448-76B3A7A33820}.Release|x86.ActiveCfg = Release|Any CPU
		{06F545BF-88DC-4DE5-8448-76B3A7A33820}.Release|x86.Build.0 = Release|Any CPU
	EndGlobalSection
	GlobalSection(SolutionProperties) = preSolution
		HideSolutionNode = FALSE
	EndGlobalSection
	GlobalSection(ExtensibilityGlobals) = postSolution
		SolutionGuid = {91533AE2-F16B-433C-9785-7A8032F17789}
	EndGlobalSection
EndGlobal
